
Microsoft Visual Studio Solution File, Format Version 12.00
# Visual Studio Version 17
VisualStudioVersion = 17.1.32228.430
MinimumVisualStudioVersion = 10.0.40219.1
Project("{8BC9CEB8-8B4A-11D0-8D11-00A0C91BC942}") = "1sqlist", "1sqlist\1sqlist.vcxproj", "{9EB4FB22-798F-4B81-990E-18986FFDD6F1}"
EndProject
Project("{8BC9CEB8-8B4A-11D0-8D11-00A0C91BC942}") = "2linklist", "2linklist\2linklist.vcxproj", "{95041E21-ED18-432C-B96B-814679BCA117}"
EndProject
Project("{8BC9CEB8-8B4A-11D0-8D11-00A0C91BC942}") = "test", "test\test.vcxproj", "{76A4828F-9A97-4D11-A523-B9116C120E8F}"
EndProject
Project("{8BC9CEB8-8B4A-11D0-8D11-00A0C91BC942}") = "3Stack", "3Stack\3Stack.vcxproj", "{95A59F50-E37C-41E5-96D8-3782F1109783}"
EndProject
Project("{8BC9CEB8-8B4A-11D0-8D11-00A0C91BC942}") = "4string", "4string\4string.vcxproj", "{AA90FDD7-51F7-4714-A3A4-D390271FCE7E}"
EndProject
Project("{8BC9CEB8-8B4A-11D0-8D11-00A0C91BC942}") = "5tree", "5tree\5tree.vcxproj", "{6E89ED95-4E7A-4F7F-99DD-F0CC7939F27F}"
EndProject
Project("{8BC9CEB8-8B4A-11D0-8D11-00A0C91BC942}") = "3.1栈", "3.1栈\3.1栈.vcxproj", "{47E23B6B-6C30-4B63-9570-3F2A1143FDCB}"
EndProject
Global
	GlobalSection(SolutionConfigurationPlatforms) = preSolution
		Debug|x64 = Debug|x64
		Debug|x86 = Debug|x86
		Release|x64 = Release|x64
		Release|x86 = Release|x86
	EndGlobalSection
	GlobalSection(ProjectConfigurationPlatforms) = postSolution
		{9EB4FB22-798F-4B81-990E-18986FFDD6F1}.Debug|x64.ActiveCfg = Debug|x64
		{9EB4FB22-798F-4B81-990E-18986FFDD6F1}.Debug|x64.Build.0 = Debug|x64
		{9EB4FB22-798F-4B81-990E-18986FFDD6F1}.Debug|x86.ActiveCfg = Debug|Win32
		{9EB4FB22-798F-4B81-990E-18986FFDD6F1}.Debug|x86.Build.0 = Debug|Win32
		{9EB4FB22-798F-4B81-990E-18986FFDD6F1}.Release|x64.ActiveCfg = Release|x64
		{9EB4FB22-798F-4B81-990E-18986FFDD6F1}.Release|x64.Build.0 = Release|x64
		{9EB4FB22-798F-4B81-990E-18986FFDD6F1}.Release|x86.ActiveCfg = Release|Win32
		{9EB4FB22-798F-4B81-990E-18986FFDD6F1}.Release|x86.Build.0 = Release|Win32
		{95041E21-ED18-432C-B96B-814679BCA117}.Debug|x64.ActiveCfg = Debug|x64
		{95041E21-ED18-432C-B96B-814679BCA117}.Debug|x64.Build.0 = Debug|x64
		{95041E21-ED18-432C-B96B-814679BCA117}.Debug|x86.ActiveCfg = Debug|Win32
		{95041E21-ED18-432C-B96B-814679BCA117}.Debug|x86.Build.0 = Debug|Win32
		{95041E21-ED18-432C-B96B-814679BCA117}.Release|x64.ActiveCfg = Release|x64
		{95041E21-ED18-432C-B96B-814679BCA117}.Release|x64.Build.0 = Release|x64
		{95041E21-ED18-432C-B96B-814679BCA117}.Release|x86.ActiveCfg = Release|Win32
		{95041E21-ED18-432C-B96B-814679BCA117}.Release|x86.Build.0 = Release|Win32
		{76A4828F-9A97-4D11-A523-B9116C120E8F}.Debug|x64.ActiveCfg = Debug|x64
		{76A4828F-9A97-4D11-A523-B9116C120E8F}.Debug|x64.Build.0 = Debug|x64
		{76A4828F-9A97-4D11-A523-B9116C120E8F}.Debug|x86.ActiveCfg = Debug|Win32
		{76A4828F-9A97-4D11-A523-B9116C120E8F}.Debug|x86.Build.0 = Debug|Win32
		{76A4828F-9A97-4D11-A523-B9116C120E8F}.Release|x64.ActiveCfg = Release|x64
		{76A4828F-9A97-4D11-A523-B9116C120E8F}.Release|x64.Build.0 = Release|x64
		{76A4828F-9A97-4D11-A523-B9116C120E8F}.Release|x86.ActiveCfg = Release|Win32
		{76A4828F-9A97-4D11-A523-B9116C120E8F}.Release|x86.Build.0 = Release|Win32
		{95A59F50-E37C-41E5-96D8-3782F1109783}.Debug|x64.ActiveCfg = Debug|x64
		{95A59F50-E37C-41E5-96D8-3782F1109783}.Debug|x64.Build.0 = Debug|x64
		{95A59F50-E37C-41E5-96D8-3782F1109783}.Debug|x86.ActiveCfg = Debug|Win32
		{95A59F50-E37C-41E5-96D8-3782F1109783}.Debug|x86.Build.0 = Debug|Win32
		{95A59F50-E37C-41E5-96D8-3782F1109783}.Release|x64.ActiveCfg = Release|x64
		{95A59F50-E37C-41E5-96D8-3782F1109783}.Release|x64.Build.0 = Release|x64
		{95A59F50-E37C-41E5-96D8-3782F1109783}.Release|x86.ActiveCfg = Release|Win32
		{95A59F50-E37C-41E5-96D8-3782F1109783}.Release|x86.Build.0 = Release|Win32
		{AA90FDD7-51F7-4714-A3A4-D390271FCE7E}.Debug|x64.ActiveCfg = Debug|x64
		{AA90FDD7-51F7-4714-A3A4-D390271FCE7E}.Debug|x64.Build.0 = Debug|x64
		{AA90FDD7-51F7-4714-A3A4-D390271FCE7E}.Debug|x86.ActiveCfg = Debug|Win32
		{AA90FDD7-51F7-4714-A3A4-D390271FCE7E}.Debug|x86.Build.0 = Debug|Win32
		{AA90FDD7-51F7-4714-A3A4-D390271FCE7E}.Release|x64.ActiveCfg = Release|x64
		{AA90FDD7-51F7-4714-A3A4-D390271FCE7E}.Release|x64.Build.0 = Release|x64
		{AA90FDD7-51F7-4714-A3A4-D390271FCE7E}.Release|x86.ActiveCfg = Release|Win32
		{AA90FDD7-51F7-4714-A3A4-D390271FCE7E}.Release|x86.Build.0 = Release|Win32
		{6E89ED95-4E7A-4F7F-99DD-F0CC7939F27F}.Debug|x64.ActiveCfg = Debug|x64
		{6E89ED95-4E7A-4F7F-99DD-F0CC7939F27F}.Debug|x64.Build.0 = Debug|x64
		{6E89ED95-4E7A-4F7F-99DD-F0CC7939F27F}.Debug|x86.ActiveCfg = Debug|Win32
		{6E89ED95-4E7A-4F7F-99DD-F0CC7939F27F}.Debug|x86.Build.0 = Debug|Win32
		{6E89ED95-4E7A-4F7F-99DD-F0CC7939F27F}.Release|x64.ActiveCfg = Release|x64
		{6E89ED95-4E7A-4F7F-99DD-F0CC7939F27F}.Release|x64.Build.0 = Release|x64
		{6E89ED95-4E7A-4F7F-99DD-F0CC7939F27F}.Release|x86.ActiveCfg = Release|Win32
		{6E89ED95-4E7A-4F7F-99DD-F0CC7939F27F}.Release|x86.Build.0 = Release|Win32
		{47E23B6B-6C30-4B63-9570-3F2A1143FDCB}.Debug|x64.ActiveCfg = Debug|x64
		{47E23B6B-6C30-4B63-9570-3F2A1143FDCB}.Debug|x64.Build.0 = Debug|x64
		{47E23B6B-6C30-4B63-9570-3F2A1143FDCB}.Debug|x86.ActiveCfg = Debug|Win32
		{47E23B6B-6C30-4B63-9570-3F2A1143FDCB}.Debug|x86.Build.0 = Debug|Win32
		{47E23B6B-6C30-4B63-9570-3F2A1143FDCB}.Release|x64.ActiveCfg = Release|x64
		{47E23B6B-6C30-4B63-9570-3F2A1143FDCB}.Release|x64.Build.0 = Release|x64
		{47E23B6B-6C30-4B63-9570-3F2A1143FDCB}.Release|x86.ActiveCfg = Release|Win32
		{47E23B6B-6C30-4B63-9570-3F2A1143FDCB}.Release|x86.Build.0 = Release|Win32
	EndGlobalSection
	GlobalSection(SolutionProperties) = preSolution
		HideSolutionNode = FALSE
	EndGlobalSection
	GlobalSection(ExtensibilityGlobals) = postSolution
		SolutionGuid = {2D8FDF0A-8828-44B6-A076-1806FB5DEDB9}
	EndGlobalSection
EndGlobal
